
Microsoft Visual Studio Solution File, Format Version 12.00
# Visual Studio Version 16
VisualStudioVersion = 16.0.31229.75
MinimumVisualStudioVersion = 10.0.40219.1
Project("{FAE04EC0-301F-11D3-BF4B-00C04F79EFBC}") = "Card Test", "Card Test\Card Test.csproj", "{F908692F-798E-4324-8B69-72DB4F8860BE}"
EndProject
Global
	GlobalSection(SolutionConfigurationPlatforms) = preSolution
		Debug|Any CPU = Debug|Any CPU
		Release|Any CPU = Release|Any CPU
	EndGlobalSection
	GlobalSection(ProjectConfigurationPlatforms) = postSolution
		{F908692F-798E-4324-8B69-72DB4F8860BE}.Debug|Any CPU.ActiveCfg = Debug|Any CPU
		{F908692F-798E-4324-8B69-72DB4F8860BE}.Debug|Any CPU.Build.0 = Debug|Any CPU
		{F908692F-798E-4324-8B69-72DB4F8860BE}.Release|Any CPU.ActiveCfg = Release|Any CPU
		{F908692F-798E-4324-8B69-72DB4F8860BE}.Release|Any CPU.Build.0 = Release|Any CPU
	EndGlobalSection
	GlobalSection(SolutionProperties) = preSolution
		HideSolutionNode = FALSE
	EndGlobalSection
	GlobalSection(ExtensibilityGlobals) = postSolution
		SolutionGuid = {5C4C2F2F-DD82-4918-9DF0-E8BE0B86BE8F}
	EndGlobalSection
EndGlobal
